// !$*UTF8*$!
{
	archiveVersion = 1;
	classes = {
	};
	objectVersion = 50;
	objects = {

/* Begin PBXBuildFile section */
		111541F520D1034C005A93BB /* AppDelegate.swift in Sources */ = {isa = PBXBuildFile; fileRef = 111541F420D1034C005A93BB /* AppDelegate.swift */; };
		111541F720D1034C005A93BB /* ViewController.swift in Sources */ = {isa = PBXBuildFile; fileRef = 111541F620D1034C005A93BB /* ViewController.swift */; };
		111541FA20D1034C005A93BB /* Main.storyboard in Resources */ = {isa = PBXBuildFile; fileRef = 111541F820D1034C005A93BB /* Main.storyboard */; };
		111541FC20D1034E005A93BB /* Assets.xcassets in Resources */ = {isa = PBXBuildFile; fileRef = 111541FB20D1034E005A93BB /* Assets.xcassets */; };
		111541FF20D1034E005A93BB /* LaunchScreen.storyboard in Resources */ = {isa = PBXBuildFile; fileRef = 111541FD20D1034E005A93BB /* LaunchScreen.storyboard */; };
		1115420820D117DD005A93BB /* MapKit.framework in Frameworks */ = {isa = PBXBuildFile; fileRef = 1115420720D117DD005A93BB /* MapKit.framework */; };
		11186E0A20EE321E00F685C9 /* Cluster.swift in Sources */ = {isa = PBXBuildFile; fileRef = 11186E0920EE321E00F685C9 /* Cluster.swift */; };
		11186E0C20EE340700F685C9 /* ClusterMapView.swift in Sources */ = {isa = PBXBuildFile; fileRef = 11186E0B20EE340700F685C9 /* ClusterMapView.swift */; };
		11186E0E20EF4B7600F685C9 /* Extensions.swift in Sources */ = {isa = PBXBuildFile; fileRef = 11186E0D20EF4B7600F685C9 /* Extensions.swift */; };
		111ADC5420DB8FF60076DD90 /* MapQuadTree.swift in Sources */ = {isa = PBXBuildFile; fileRef = 111ADC5320DB8FF60076DD90 /* MapQuadTree.swift */; };
		111ADC5620DBC72E0076DD90 /* Annotation.swift in Sources */ = {isa = PBXBuildFile; fileRef = 111ADC5520DBC72E0076DD90 /* Annotation.swift */; };
		111ADC5820DBC7360076DD90 /* ClusterAnnotationView.swift in Sources */ = {isa = PBXBuildFile; fileRef = 111ADC5720DBC7360076DD90 /* ClusterAnnotationView.swift */; };
/* End PBXBuildFile section */

/* Begin PBXFileReference section */
		111541F120D1034C005A93BB /* Cluster.app */ = {isa = PBXFileReference; explicitFileType = wrapper.application; includeInIndex = 0; path = Cluster.app; sourceTree = BUILT_PRODUCTS_DIR; };
		111541F420D1034C005A93BB /* AppDelegate.swift */ = {isa = PBXFileReference; lastKnownFileType = sourcecode.swift; path = AppDelegate.swift; sourceTree = "<group>"; };
		111541F620D1034C005A93BB /* ViewController.swift */ = {isa = PBXFileReference; lastKnownFileType = sourcecode.swift; path = ViewController.swift; sourceTree = "<group>"; };
		111541F920D1034C005A93BB /* Base */ = {isa = PBXFileReference; lastKnownFileType = file.storyboard; name = Base; path = Base.lproj/Main.storyboard; sourceTree = "<group>"; };
		111541FB20D1034E005A93BB /* Assets.xcassets */ = {isa = PBXFileReference; lastKnownFileType = folder.assetcatalog; path = Assets.xcassets; sourceTree = "<group>"; };
		111541FE20D1034E005A93BB /* Base */ = {isa = PBXFileReference; lastKnownFileType = file.storyboard; name = Base; path = Base.lproj/LaunchScreen.storyboard; sourceTree = "<group>"; };
		1115420020D1034E005A93BB /* Info.plist */ = {isa = PBXFileReference; lastKnownFileType = text.plist.xml; path = Info.plist; sourceTree = "<group>"; };
		1115420720D117DD005A93BB /* MapKit.framework */ = {isa = PBXFileReference; lastKnownFileType = wrapper.framework; name = MapKit.framework; path = System/Library/Frameworks/MapKit.framework; sourceTree = SDKROOT; };
		11186E0920EE321E00F685C9 /* Cluster.swift */ = {isa = PBXFileReference; lastKnownFileType = sourcecode.swift; path = Cluster.swift; sourceTree = "<group>"; };
		11186E0B20EE340700F685C9 /* ClusterMapView.swift */ = {isa = PBXFileReference; lastKnownFileType = sourcecode.swift; path = ClusterMapView.swift; sourceTree = "<group>"; };
		11186E0D20EF4B7600F685C9 /* Extensions.swift */ = {isa = PBXFileReference; lastKnownFileType = sourcecode.swift; path = Extensions.swift; sourceTree = "<group>"; };
		111ADC5320DB8FF60076DD90 /* MapQuadTree.swift */ = {isa = PBXFileReference; lastKnownFileType = sourcecode.swift; path = MapQuadTree.swift; sourceTree = "<group>"; };
		111ADC5520DBC72E0076DD90 /* Annotation.swift */ = {isa = PBXFileReference; lastKnownFileType = sourcecode.swift; path = Annotation.swift; sourceTree = "<group>"; };
		111ADC5720DBC7360076DD90 /* ClusterAnnotationView.swift */ = {isa = PBXFileReference; lastKnownFileType = sourcecode.swift; path = ClusterAnnotationView.swift; sourceTree = "<group>"; };
/* End PBXFileReference section */

/* Begin PBXFrameworksBuildPhase section */
		111541EE20D1034C005A93BB /* Frameworks */ = {
			isa = PBXFrameworksBuildPhase;
			buildActionMask = 2147483647;
			files = (
				1115420820D117DD005A93BB /* MapKit.framework in Frameworks */,
			);
			runOnlyForDeploymentPostprocessing = 0;
		};
/* End PBXFrameworksBuildPhase section */

/* Begin PBXGroup section */
		111541E820D1034C005A93BB = {
			isa = PBXGroup;
			children = (
				111541F320D1034C005A93BB /* Cluster */,
				111541F220D1034C005A93BB /* Products */,
				1115420620D117DD005A93BB /* Frameworks */,
			);
			sourceTree = "<group>";
		};
		111541F220D1034C005A93BB /* Products */ = {
			isa = PBXGroup;
			children = (
				111541F120D1034C005A93BB /* Cluster.app */,
			);
			name = Products;
			sourceTree = "<group>";
		};
		111541F320D1034C005A93BB /* Cluster */ = {
			isa = PBXGroup;
			children = (
				111541F420D1034C005A93BB /* AppDelegate.swift */,
				111541F620D1034C005A93BB /* ViewController.swift */,
				111ADC5520DBC72E0076DD90 /* Annotation.swift */,
				111ADC5720DBC7360076DD90 /* ClusterAnnotationView.swift */,
				111ADC5320DB8FF60076DD90 /* MapQuadTree.swift */,
				11186E0D20EF4B7600F685C9 /* Extensions.swift */,
				11186E0920EE321E00F685C9 /* Cluster.swift */,
				11186E0B20EE340700F685C9 /* ClusterMapView.swift */,
				111541F820D1034C005A93BB /* Main.storyboard */,
				111541FB20D1034E005A93BB /* Assets.xcassets */,
				111541FD20D1034E005A93BB /* LaunchScreen.storyboard */,
				1115420020D1034E005A93BB /* Info.plist */,
			);
			path = Cluster;
			sourceTree = "<group>";
		};
		1115420620D117DD005A93BB /* Frameworks */ = {
			isa = PBXGroup;
			children = (
				1115420720D117DD005A93BB /* MapKit.framework */,
			);
			name = Frameworks;
			sourceTree = "<group>";
		};
/* End PBXGroup section */

/* Begin PBXNativeTarget section */
		111541F020D1034C005A93BB /* Cluster */ = {
			isa = PBXNativeTarget;
			buildConfigurationList = 1115420320D1034E005A93BB /* Build configuration list for PBXNativeTarget "Cluster" */;
			buildPhases = (
				111541ED20D1034C005A93BB /* Sources */,
				111541EE20D1034C005A93BB /* Frameworks */,
				111541EF20D1034C005A93BB /* Resources */,
			);
			buildRules = (
			);
			dependencies = (
			);
			name = Cluster;
			productName = Cluster;
			productReference = 111541F120D1034C005A93BB /* Cluster.app */;
			productType = "com.apple.product-type.application";
		};
/* End PBXNativeTarget section */

/* Begin PBXProject section */
		111541E920D1034C005A93BB /* Project object */ = {
			isa = PBXProject;
			attributes = {
				LastSwiftUpdateCheck = 0930;
				LastUpgradeCheck = 0930;
				ORGANIZATIONNAME = Shreesha;
				TargetAttributes = {
					111541F020D1034C005A93BB = {
						CreatedOnToolsVersion = 9.3;
						SystemCapabilities = {
							com.apple.Maps.iOS = {
								enabled = 0;
							};
						};
					};
				};
			};
			buildConfigurationList = 111541EC20D1034C005A93BB /* Build configuration list for PBXProject "Cluster" */;
			compatibilityVersion = "Xcode 9.3";
			developmentRegion = en;
			hasScannedForEncodings = 0;
			knownRegions = (
				en,
				Base,
			);
			mainGroup = 111541E820D1034C005A93BB;
			productRefGroup = 111541F220D1034C005A93BB /* Products */;
			projectDirPath = "";
			projectRoot = "";
			targets = (
				111541F020D1034C005A93BB /* Cluster */,
			);
		};
/* End PBXProject section */

/* Begin PBXResourcesBuildPhase section */
		111541EF20D1034C005A93BB /* Resources */ = {
			isa = PBXResourcesBuildPhase;
			buildActionMask = 2147483647;
			files = (
				111541FF20D1034E005A93BB /* LaunchScreen.storyboard in Resources */,
				111541FC20D1034E005A93BB /* Assets.xcassets in Resources */,
				111541FA20D1034C005A93BB /* Main.storyboard in Resources */,
			);
			runOnlyForDeploymentPostprocessing = 0;
		};
/* End PBXResourcesBuildPhase section */

/* Begin PBXSourcesBuildPhase section */
		111541ED20D1034C005A93BB /* Sources */ = {
			isa = PBXSourcesBuildPhase;
			buildActionMask = 2147483647;
			files = (
				11186E0C20EE340700F685C9 /* ClusterMapView.swift in Sources */,
				111ADC5420DB8FF60076DD90 /* MapQuadTree.swift in Sources */,
				111541F720D1034C005A93BB /* ViewController.swift in Sources */,
				11186E0E20EF4B7600F685C9 /* Extensions.swift in Sources */,
				11186E0A20EE321E00F685C9 /* Cluster.swift in Sources */,
				111ADC5820DBC7360076DD90 /* ClusterAnnotationView.swift in Sources */,
				111ADC5620DBC72E0076DD90 /* Annotation.swift in Sources */,
				111541F520D1034C005A93BB /* AppDelegate.swift in Sources */,
			);
			runOnlyForDeploymentPostprocessing = 0;
		};
/* End PBXSourcesBuildPhase section */

/* Begin PBXVariantGroup section */
		111541F820D1034C005A93BB /* Main.storyboard */ = {
			isa = PBXVariantGroup;
			children = (
				111541F920D1034C005A93BB /* Base */,
			);
			name = Main.storyboard;
			sourceTree = "<group>";
		};
		111541FD20D1034E005A93BB /* LaunchScreen.storyboard */ = {
			isa = PBXVariantGroup;
			children = (
				111541FE20D1034E005A93BB /* Base */,
			);
			name = LaunchScreen.storyboard;
			sourceTree = "<group>";
		};
/* End PBXVariantGroup section */

/* Begin XCBuildConfiguration section */
		1115420120D1034E005A93BB /* Debug */ = {
			isa = XCBuildConfiguration;
			buildSettings = {
				ALWAYS_SEARCH_USER_PATHS = NO;
				CLANG_ANALYZER_NONNULL = YES;
				CLANG_ANALYZER_NUMBER_OBJECT_CONVERSION = YES_AGGRESSIVE;
				CLANG_CXX_LANGUAGE_STANDARD = "gnu++14";
				CLANG_CXX_LIBRARY = "libc++";
				CLANG_ENABLE_MODULES = YES;
				CLANG_ENABLE_OBJC_ARC = YES;
				CLANG_ENABLE_OBJC_WEAK = YES;
				CLANG_WARN_BLOCK_CAPTURE_AUTORELEASING = YES;
				CLANG_WARN_BOOL_CONVERSION = YES;
				CLANG_WARN_COMMA = YES;
				CLANG_WARN_CONSTANT_CONVERSION = YES;
				CLANG_WARN_DEPRECATED_OBJC_IMPLEMENTATIONS = YES;
				CLANG_WARN_DIRECT_OBJC_ISA_USAGE = YES_ERROR;
				CLANG_WARN_DOCUMENTATION_COMMENTS = YES;
				CLANG_WARN_EMPTY_BODY = YES;
				CLANG_WARN_ENUM_CONVERSION = YES;
				CLANG_WARN_INFINITE_RECURSION = YES;
				CLANG_WARN_INT_CONVERSION = YES;
				CLANG_WARN_NON_LITERAL_NULL_CONVERSION = YES;
				CLANG_WARN_OBJC_IMPLICIT_RETAIN_SELF = YES;
				CLANG_WARN_OBJC_LITERAL_CONVERSION = YES;
				CLANG_WARN_OBJC_ROOT_CLASS = YES_ERROR;
				CLANG_WARN_RANGE_LOOP_ANALYSIS = YES;
				CLANG_WARN_STRICT_PROTOTYPES = YES;
				CLANG_WARN_SUSPICIOUS_MOVE = YES;
				CLANG_WARN_UNGUARDED_AVAILABILITY = YES_AGGRESSIVE;
				CLANG_WARN_UNREACHABLE_CODE = YES;
				CLANG_WARN__DUPLICATE_METHOD_MATCH = YES;
				CODE_SIGN_IDENTITY = "iPhone Developer";
				COPY_PHASE_STRIP = NO;
				DEBUG_INFORMATION_FORMAT = dwarf;
				ENABLE_STRICT_OBJC_MSGSEND = YES;
				ENABLE_TESTABILITY = YES;
				GCC_C_LANGUAGE_STANDARD = gnu11;
				GCC_DYNAMIC_NO_PIC = NO;
				GCC_NO_COMMON_BLOCKS = YES;
				GCC_OPTIMIZATION_LEVEL = 0;
				GCC_PREPROCESSOR_DEFINITIONS = (
					"DEBUG=1",
					"$(inherited)",
				);
				GCC_WARN_64_TO_32_BIT_CONVERSION = YES;
				GCC_WARN_ABOUT_RETURN_TYPE = YES_ERROR;
				GCC_WARN_UNDECLARED_SELECTOR = YES;
				GCC_WARN_UNINITIALIZED_AUTOS = YES_AGGRESSIVE;
				GCC_WARN_UNUSED_FUNCTION = YES;
				GCC_WARN_UNUSED_VARIABLE = YES;
				IPHONEOS_DEPLOYMENT_TARGET = 11.3;
				MTL_ENABLE_DEBUG_INFO = YES;
				ONLY_ACTIVE_ARCH = YES;
				SDKROOT = iphoneos;
				SWIFT_ACTIVE_COMPILATION_CONDITIONS = DEBUG;
				SWIFT_OPTIMIZATION_LEVEL = "-Onone";
			};
			name = Debug;
		};
		1115420220D1034E005A93BB /* Release */ = {
			isa = XCBuildConfiguration;
			buildSettings = {
				ALWAYS_SEARCH_USER_PATHS = NO;
				CLANG_ANALYZER_NONNULL = YES;
				CLANG_ANALYZER_NUMBER_OBJECT_CONVERSION = YES_AGGRESSIVE;
				CLANG_CXX_LANGUAGE_STANDARD = "gnu++14";
				CLANG_CXX_LIBRARY = "libc++";
				CLANG_ENABLE_MODULES = YES;
				CLANG_ENABLE_OBJC_ARC = YES;
				CLANG_ENABLE_OBJC_WEAK = YES;
				CLANG_WARN_BLOCK_CAPTURE_AUTORELEASING = YES;
				CLANG_WARN_BOOL_CONVERSION = YES;
				CLANG_WARN_COMMA = YES;
				CLANG_WARN_CONSTANT_CONVERSION = YES;
				CLANG_WARN_DEPRECATED_OBJC_IMPLEMENTATIONS = YES;
				CLANG_WARN_DIRECT_OBJC_ISA_USAGE = YES_ERROR;
				CLANG_WARN_DOCUMENTATION_COMMENTS = YES;
				CLANG_WARN_EMPTY_BODY = YES;
				CLANG_WARN_ENUM_CONVERSION = YES;
				CLANG_WARN_INFINITE_RECURSION = YES;
				CLANG_WARN_INT_CONVERSION = YES;
				CLANG_WARN_NON_LITERAL_NULL_CONVERSION = YES;
				CLANG_WARN_OBJC_IMPLICIT_RETAIN_SELF = YES;
				CLANG_WARN_OBJC_LITERAL_CONVERSION = YES;
				CLANG_WARN_OBJC_ROOT_CLASS = YES_ERROR;
				CLANG_WARN_RANGE_LOOP_ANALYSIS = YES;
				CLANG_WARN_STRICT_PROTOTYPES = YES;
				CLANG_WARN_SUSPICIOUS_MOVE = YES;
				CLANG_WARN_UNGUARDED_AVAILABILITY = YES_AGGRESSIVE;
				CLANG_WARN_UNREACHABLE_CODE = YES;
				CLANG_WARN__DUPLICATE_METHOD_MATCH = YES;
				CODE_SIGN_IDENTITY = "iPhone Developer";
				COPY_PHASE_STRIP = NO;
				DEBUG_INFORMATION_FORMAT = "dwarf-with-dsym";
				ENABLE_NS_ASSERTIONS = NO;
				ENABLE_STRICT_OBJC_MSGSEND = YES;
				GCC_C_LANGUAGE_STANDARD = gnu11;
				GCC_NO_COMMON_BLOCKS = YES;
				GCC_WARN_64_TO_32_BIT_CONVERSION = YES;
				GCC_WARN_ABOUT_RETURN_TYPE = YES_ERROR;
				GCC_WARN_UNDECLARED_SELECTOR = YES;
				GCC_WARN_UNINITIALIZED_AUTOS = YES_AGGRESSIVE;
				GCC_WARN_UNUSED_FUNCTION = YES;
				GCC_WARN_UNUSED_VARIABLE = YES;
				IPHONEOS_DEPLOYMENT_TARGET = 11.3;
				MTL_ENABLE_DEBUG_INFO = NO;
				SDKROOT = iphoneos;
				SWIFT_COMPILATION_MODE = wholemodule;
				SWIFT_OPTIMIZATION_LEVEL = "-O";
				VALIDATE_PRODUCT = YES;
			};
			name = Release;
		};
		1115420420D1034E005A93BB /* Debug */ = {
			isa = XCBuildConfiguration;
			buildSettings = {
				ASSETCATALOG_COMPILER_APPICON_NAME = AppIcon;
				CODE_SIGN_STYLE = Manual;
				DEVELOPMENT_TEAM = 849UP4BSN8;
				INFOPLIST_FILE = Cluster/Info.plist;
				IPHONEOS_DEPLOYMENT_TARGET = 9.0;
				LD_RUNPATH_SEARCH_PATHS = (
					"$(inherited)",
					"@executable_path/Frameworks",
				);
				PRODUCT_BUNDLE_IDENTIFIER = YMl.Cluster;
				PRODUCT_NAME = "$(TARGET_NAME)";
				PROVISIONING_PROFILE = "a867b59b-25b7-481f-a784-05caabb37335";
				PROVISIONING_PROFILE_SPECIFIER = "IndiaDev*";
				SWIFT_VERSION = 4.0;
				TARGETED_DEVICE_FAMILY = "1,2";
			};
			name = Debug;
		};
		1115420520D1034E005A93BB /* Release */ = {
			isa = XCBuildConfiguration;
			buildSettings = {
				ASSETCATALOG_COMPILER_APPICON_NAME = AppIcon;
				CODE_SIGN_STYLE = Manual;
				DEVELOPMENT_TEAM = 849UP4BSN8;
				INFOPLIST_FILE = Cluster/Info.plist;
				IPHONEOS_DEPLOYMENT_TARGET = 9.0;
				LD_RUNPATH_SEARCH_PATHS = (
					"$(inherited)",
					"@executable_path/Frameworks",
				);
				PRODUCT_BUNDLE_IDENTIFIER = YMl.Cluster;
				PRODUCT_NAME = "$(TARGET_NAME)";
				PROVISIONING_PROFILE = "a867b59b-25b7-481f-a784-05caabb37335";
				PROVISIONING_PROFILE_SPECIFIER = "IndiaDev*";
				SWIFT_VERSION = 4.0;
				TARGETED_DEVICE_FAMILY = "1,2";
			};
			name = Release;
		};
/* End XCBuildConfiguration section */

/* Begin XCConfigurationList section */
		111541EC20D1034C005A93BB /* Build configuration list for PBXProject "Cluster" */ = {
			isa = XCConfigurationList;
			buildConfigurations = (
				1115420120D1034E005A93BB /* Debug */,
				1115420220D1034E005A93BB /* Release */,
			);
			defaultConfigurationIsVisible = 0;
			defaultConfigurationName = Release;
		};
		1115420320D1034E005A93BB /* Build configuration list for PBXNativeTarget "Cluster" */ = {
			isa = XCConfigurationList;
			buildConfigurations = (
				1115420420D1034E005A93BB /* Debug */,
				1115420520D1034E005A93BB /* Release */,
			);
			defaultConfigurationIsVisible = 0;
			defaultConfigurationName = Release;
		};
/* End XCConfigurationList section */
	};
	rootObject = 111541E920D1034C005A93BB /* Project object */;
}
